// !$*UTF8*$!
{
	archiveVersion = 1;
	classes = {
	};
	objectVersion = 46;
	objects = {

/* Begin PBXBuildFile section */
		88A376031CC6CB830079F06D /* AppDelegate.swift in Sources */ = {isa = PBXBuildFile; fileRef = 88A376021CC6CB830079F06D /* AppDelegate.swift */; };
		88A376051CC6CB830079F06D /* StartController.swift in Sources */ = {isa = PBXBuildFile; fileRef = 88A376041CC6CB830079F06D /* StartController.swift */; };
		88A376081CC6CB830079F06D /* Main.storyboard in Resources */ = {isa = PBXBuildFile; fileRef = 88A376061CC6CB830079F06D /* Main.storyboard */; };
		88A3760B1CC6CB830079F06D /* ToddlerPicViewer.xcdatamodeld in Sources */ = {isa = PBXBuildFile; fileRef = 88A376091CC6CB830079F06D /* ToddlerPicViewer.xcdatamodeld */; };
		88A3760D1CC6CB830079F06D /* Assets.xcassets in Resources */ = {isa = PBXBuildFile; fileRef = 88A3760C1CC6CB830079F06D /* Assets.xcassets */; };
		88A376101CC6CB830079F06D /* LaunchScreen.storyboard in Resources */ = {isa = PBXBuildFile; fileRef = 88A3760E1CC6CB830079F06D /* LaunchScreen.storyboard */; };
		88A3761A1CC79CDA0079F06D /* CardModel.swift in Sources */ = {isa = PBXBuildFile; fileRef = 88A376191CC79CDA0079F06D /* CardModel.swift */; };
		88A3761C1CC79EA70079F06D /* EditController.swift in Sources */ = {isa = PBXBuildFile; fileRef = 88A3761B1CC79EA70079F06D /* EditController.swift */; };
		88A3761E1CC826A10079F06D /* EditTableViewCell.swift in Sources */ = {isa = PBXBuildFile; fileRef = 88A3761D1CC826A10079F06D /* EditTableViewCell.swift */; };
		88A376201CC82A6F0079F06D /* SlideShowModel.swift in Sources */ = {isa = PBXBuildFile; fileRef = 88A3761F1CC82A6F0079F06D /* SlideShowModel.swift */; };
		88A376221CCA3BB30079F06D /* SlideShowController.swift in Sources */ = {isa = PBXBuildFile; fileRef = 88A376211CCA3BB30079F06D /* SlideShowController.swift */; };
		88A376241CCA42790079F06D /* SlideShowSegue.swift in Sources */ = {isa = PBXBuildFile; fileRef = 88A376231CCA42790079F06D /* SlideShowSegue.swift */; };
		88A376261CCC0D100079F06D /* SlideShowsModel.swift in Sources */ = {isa = PBXBuildFile; fileRef = 88A376251CCC0D100079F06D /* SlideShowsModel.swift */; };
		88A376281CCC16780079F06D /* EditSlideShowController.swift in Sources */ = {isa = PBXBuildFile; fileRef = 88A376271CCC16780079F06D /* EditSlideShowController.swift */; };
		88A3762A1CCC25630079F06D /* LabelTableViewCell.swift in Sources */ = {isa = PBXBuildFile; fileRef = 88A376291CCC25630079F06D /* LabelTableViewCell.swift */; };
		88A3762C1CCC26090079F06D /* SlideShowImageCell.swift in Sources */ = {isa = PBXBuildFile; fileRef = 88A3762B1CCC26090079F06D /* SlideShowImageCell.swift */; };
		88A3762E1CCC26620079F06D /* ButtonTableViewCell.swift in Sources */ = {isa = PBXBuildFile; fileRef = 88A3762D1CCC26620079F06D /* ButtonTableViewCell.swift */; };
		88A376301CD8C34E0079F06D /* NewSlideShowImageController.swift in Sources */ = {isa = PBXBuildFile; fileRef = 88A3762F1CD8C34E0079F06D /* NewSlideShowImageController.swift */; };
		88A3763B1CE1ED340079F06D /* noimage2.png in Resources */ = {isa = PBXBuildFile; fileRef = 88A3763A1CE1ED340079F06D /* noimage2.png */; };
		88A3763D1CE263CF0079F06D /* StartTableViewCell.swift in Sources */ = {isa = PBXBuildFile; fileRef = 88A3763C1CE263CF0079F06D /* StartTableViewCell.swift */; };
		88E6CCF71CF3AB9D0075A717 /* Localizable.strings in Resources */ = {isa = PBXBuildFile; fileRef = 88E6CCF91CF3AB9D0075A717 /* Localizable.strings */; };
		88F9160C1CE5E2C900B050B1 /* StartLabelTableViewCell.swift in Sources */ = {isa = PBXBuildFile; fileRef = 88F9160B1CE5E2C900B050B1 /* StartLabelTableViewCell.swift */; };
		88F9160E1CE5E89200B050B1 /* AdultTestController.swift in Sources */ = {isa = PBXBuildFile; fileRef = 88F9160D1CE5E89200B050B1 /* AdultTestController.swift */; };
/* End PBXBuildFile section */

/* Begin PBXFileReference section */
		88A375FF1CC6CB830079F06D /* ToddlerPicViewer.app */ = {isa = PBXFileReference; explicitFileType = wrapper.application; includeInIndex = 0; path = ToddlerPicViewer.app; sourceTree = BUILT_PRODUCTS_DIR; };
		88A376021CC6CB830079F06D /* AppDelegate.swift */ = {isa = PBXFileReference; lastKnownFileType = sourcecode.swift; path = AppDelegate.swift; sourceTree = "<group>"; };
		88A376041CC6CB830079F06D /* StartController.swift */ = {isa = PBXFileReference; lastKnownFileType = sourcecode.swift; path = StartController.swift; sourceTree = "<group>"; };
		88A376071CC6CB830079F06D /* Base */ = {isa = PBXFileReference; lastKnownFileType = file.storyboard; name = Base; path = Base.lproj/Main.storyboard; sourceTree = "<group>"; };
		88A3760A1CC6CB830079F06D /* ToddlerPicViewer.xcdatamodel */ = {isa = PBXFileReference; lastKnownFileType = wrapper.xcdatamodel; path = ToddlerPicViewer.xcdatamodel; sourceTree = "<group>"; };
		88A3760C1CC6CB830079F06D /* Assets.xcassets */ = {isa = PBXFileReference; lastKnownFileType = folder.assetcatalog; path = Assets.xcassets; sourceTree = "<group>"; };
		88A3760F1CC6CB830079F06D /* Base */ = {isa = PBXFileReference; lastKnownFileType = file.storyboard; name = Base; path = Base.lproj/LaunchScreen.storyboard; sourceTree = "<group>"; };
		88A376111CC6CB830079F06D /* Info.plist */ = {isa = PBXFileReference; lastKnownFileType = text.plist.xml; path = Info.plist; sourceTree = "<group>"; };
		88A376191CC79CDA0079F06D /* CardModel.swift */ = {isa = PBXFileReference; fileEncoding = 4; lastKnownFileType = sourcecode.swift; path = CardModel.swift; sourceTree = "<group>"; };
		88A3761B1CC79EA70079F06D /* EditController.swift */ = {isa = PBXFileReference; fileEncoding = 4; lastKnownFileType = sourcecode.swift; path = EditController.swift; sourceTree = "<group>"; };
		88A3761D1CC826A10079F06D /* EditTableViewCell.swift */ = {isa = PBXFileReference; fileEncoding = 4; lastKnownFileType = sourcecode.swift; path = EditTableViewCell.swift; sourceTree = "<group>"; };
		88A3761F1CC82A6F0079F06D /* SlideShowModel.swift */ = {isa = PBXFileReference; fileEncoding = 4; lastKnownFileType = sourcecode.swift; path = SlideShowModel.swift; sourceTree = "<group>"; };
		88A376211CCA3BB30079F06D /* SlideShowController.swift */ = {isa = PBXFileReference; fileEncoding = 4; lastKnownFileType = sourcecode.swift; path = SlideShowController.swift; sourceTree = "<group>"; };
		88A376231CCA42790079F06D /* SlideShowSegue.swift */ = {isa = PBXFileReference; fileEncoding = 4; lastKnownFileType = sourcecode.swift; path = SlideShowSegue.swift; sourceTree = "<group>"; };
		88A376251CCC0D100079F06D /* SlideShowsModel.swift */ = {isa = PBXFileReference; fileEncoding = 4; lastKnownFileType = sourcecode.swift; path = SlideShowsModel.swift; sourceTree = "<group>"; };
		88A376271CCC16780079F06D /* EditSlideShowController.swift */ = {isa = PBXFileReference; fileEncoding = 4; lastKnownFileType = sourcecode.swift; path = EditSlideShowController.swift; sourceTree = "<group>"; };
		88A376291CCC25630079F06D /* LabelTableViewCell.swift */ = {isa = PBXFileReference; fileEncoding = 4; lastKnownFileType = sourcecode.swift; path = LabelTableViewCell.swift; sourceTree = "<group>"; };
		88A3762B1CCC26090079F06D /* SlideShowImageCell.swift */ = {isa = PBXFileReference; fileEncoding = 4; lastKnownFileType = sourcecode.swift; path = SlideShowImageCell.swift; sourceTree = "<group>"; };
		88A3762D1CCC26620079F06D /* ButtonTableViewCell.swift */ = {isa = PBXFileReference; fileEncoding = 4; lastKnownFileType = sourcecode.swift; path = ButtonTableViewCell.swift; sourceTree = "<group>"; };
		88A3762F1CD8C34E0079F06D /* NewSlideShowImageController.swift */ = {isa = PBXFileReference; fileEncoding = 4; lastKnownFileType = sourcecode.swift; path = NewSlideShowImageController.swift; sourceTree = "<group>"; };
		88A3763A1CE1ED340079F06D /* noimage2.png */ = {isa = PBXFileReference; lastKnownFileType = image.png; path = noimage2.png; sourceTree = "<group>"; };
		88A3763C1CE263CF0079F06D /* StartTableViewCell.swift */ = {isa = PBXFileReference; fileEncoding = 4; lastKnownFileType = sourcecode.swift; path = StartTableViewCell.swift; sourceTree = "<group>"; };
		88E6CCF31CF3A3860075A717 /* en */ = {isa = PBXFileReference; lastKnownFileType = text.plist.strings; name = en; path = en.lproj/Main.strings; sourceTree = "<group>"; };
		88E6CCF41CF3A52E0075A717 /* sv */ = {isa = PBXFileReference; lastKnownFileType = text.plist.strings; name = sv; path = sv.lproj/Main.strings; sourceTree = "<group>"; };
		88E6CCF81CF3AB9D0075A717 /* Base */ = {isa = PBXFileReference; lastKnownFileType = text.plist.strings; name = Base; path = Base.lproj/Localizable.strings; sourceTree = "<group>"; };
		88E6CCFA1CF3ABA00075A717 /* en */ = {isa = PBXFileReference; lastKnownFileType = text.plist.strings; name = en; path = en.lproj/Localizable.strings; sourceTree = "<group>"; };
		88E6CCFB1CF3ABAA0075A717 /* sv */ = {isa = PBXFileReference; lastKnownFileType = text.plist.strings; name = sv; path = sv.lproj/Localizable.strings; sourceTree = "<group>"; };
		88F9160B1CE5E2C900B050B1 /* StartLabelTableViewCell.swift */ = {isa = PBXFileReference; fileEncoding = 4; lastKnownFileType = sourcecode.swift; path = StartLabelTableViewCell.swift; sourceTree = "<group>"; };
		88F9160D1CE5E89200B050B1 /* AdultTestController.swift */ = {isa = PBXFileReference; fileEncoding = 4; lastKnownFileType = sourcecode.swift; path = AdultTestController.swift; sourceTree = "<group>"; };
/* End PBXFileReference section */

/* Begin PBXFrameworksBuildPhase section */
		88A375FC1CC6CB830079F06D /* Frameworks */ = {
			isa = PBXFrameworksBuildPhase;
			buildActionMask = 2147483647;
			files = (
			);
			runOnlyForDeploymentPostprocessing = 0;
		};
/* End PBXFrameworksBuildPhase section */

/* Begin PBXGroup section */
		88A375F61CC6CB830079F06D = {
			isa = PBXGroup;
			children = (
				88A376011CC6CB830079F06D /* ToddlerPicViewer */,
				88A376001CC6CB830079F06D /* Products */,
			);
			sourceTree = "<group>";
		};
		88A376001CC6CB830079F06D /* Products */ = {
			isa = PBXGroup;
			children = (
				88A375FF1CC6CB830079F06D /* ToddlerPicViewer.app */,
			);
			name = Products;
			sourceTree = "<group>";
		};
		88A376011CC6CB830079F06D /* ToddlerPicViewer */ = {
			isa = PBXGroup;
			children = (
				88E6CCF91CF3AB9D0075A717 /* Localizable.strings */,
				88A376311CE1EA1F0079F06D /* Assets */,
				88A376181CC79CC00079F06D /* Models */,
				88A376171CC79C8E0079F06D /* ViewControllers */,
				88A376021CC6CB830079F06D /* AppDelegate.swift */,
				88A376061CC6CB830079F06D /* Main.storyboard */,
				88A3760C1CC6CB830079F06D /* Assets.xcassets */,
				88A3760E1CC6CB830079F06D /* LaunchScreen.storyboard */,
				88A376111CC6CB830079F06D /* Info.plist */,
				88A376091CC6CB830079F06D /* ToddlerPicViewer.xcdatamodeld */,
			);
			path = ToddlerPicViewer;
			sourceTree = "<group>";
		};
		88A376171CC79C8E0079F06D /* ViewControllers */ = {
			isa = PBXGroup;
			children = (
				88A3763C1CE263CF0079F06D /* StartTableViewCell.swift */,
				88F9160B1CE5E2C900B050B1 /* StartLabelTableViewCell.swift */,
				88A376041CC6CB830079F06D /* StartController.swift */,
				88A3761D1CC826A10079F06D /* EditTableViewCell.swift */,
				88A3761B1CC79EA70079F06D /* EditController.swift */,
				88A376211CCA3BB30079F06D /* SlideShowController.swift */,
				88A376231CCA42790079F06D /* SlideShowSegue.swift */,
				88A376271CCC16780079F06D /* EditSlideShowController.swift */,
				88A376291CCC25630079F06D /* LabelTableViewCell.swift */,
				88A3762B1CCC26090079F06D /* SlideShowImageCell.swift */,
				88A3762D1CCC26620079F06D /* ButtonTableViewCell.swift */,
				88A3762F1CD8C34E0079F06D /* NewSlideShowImageController.swift */,
				88F9160D1CE5E89200B050B1 /* AdultTestController.swift */,
			);
			name = ViewControllers;
			sourceTree = "<group>";
		};
		88A376181CC79CC00079F06D /* Models */ = {
			isa = PBXGroup;
			children = (
				88A376191CC79CDA0079F06D /* CardModel.swift */,
				88A3761F1CC82A6F0079F06D /* SlideShowModel.swift */,
				88A376251CCC0D100079F06D /* SlideShowsModel.swift */,
			);
			name = Models;
			sourceTree = "<group>";
		};
		88A376311CE1EA1F0079F06D /* Assets */ = {
			isa = PBXGroup;
			children = (
				88A3763A1CE1ED340079F06D /* noimage2.png */,
			);
			name = Assets;
			sourceTree = "<group>";
		};
/* End PBXGroup section */

/* Begin PBXNativeTarget section */
		88A375FE1CC6CB830079F06D /* ToddlerPicViewer */ = {
			isa = PBXNativeTarget;
			buildConfigurationList = 88A376141CC6CB830079F06D /* Build configuration list for PBXNativeTarget "ToddlerPicViewer" */;
			buildPhases = (
				88A375FB1CC6CB830079F06D /* Sources */,
				88A375FC1CC6CB830079F06D /* Frameworks */,
				88A375FD1CC6CB830079F06D /* Resources */,
			);
			buildRules = (
			);
			dependencies = (
			);
			name = ToddlerPicViewer;
			productName = ToddlerPicViewer;
			productReference = 88A375FF1CC6CB830079F06D /* ToddlerPicViewer.app */;
			productType = "com.apple.product-type.application";
		};
/* End PBXNativeTarget section */

/* Begin PBXProject section */
		88A375F71CC6CB830079F06D /* Project object */ = {
			isa = PBXProject;
			attributes = {
				LastSwiftUpdateCheck = 0720;
				LastUpgradeCheck = 0720;
				ORGANIZATIONNAME = Robert;
				TargetAttributes = {
					88A375FE1CC6CB830079F06D = {
						CreatedOnToolsVersion = 7.2.1;
					};
				};
			};
			buildConfigurationList = 88A375FA1CC6CB830079F06D /* Build configuration list for PBXProject "ToddlerPicViewer" */;
			compatibilityVersion = "Xcode 3.2";
			developmentRegion = English;
			hasScannedForEncodings = 0;
			knownRegions = (
				en,
				Base,
				sv,
			);
			mainGroup = 88A375F61CC6CB830079F06D;
			productRefGroup = 88A376001CC6CB830079F06D /* Products */;
			projectDirPath = "";
			projectRoot = "";
			targets = (
				88A375FE1CC6CB830079F06D /* ToddlerPicViewer */,
			);
		};
/* End PBXProject section */

/* Begin PBXResourcesBuildPhase section */
		88A375FD1CC6CB830079F06D /* Resources */ = {
			isa = PBXResourcesBuildPhase;
			buildActionMask = 2147483647;
			files = (
				88E6CCF71CF3AB9D0075A717 /* Localizable.strings in Resources */,
				88A376101CC6CB830079F06D /* LaunchScreen.storyboard in Resources */,
				88A3760D1CC6CB830079F06D /* Assets.xcassets in Resources */,
				88A3763B1CE1ED340079F06D /* noimage2.png in Resources */,
				88A376081CC6CB830079F06D /* Main.storyboard in Resources */,
			);
			runOnlyForDeploymentPostprocessing = 0;
		};
/* End PBXResourcesBuildPhase section */

/* Begin PBXSourcesBuildPhase section */
		88A375FB1CC6CB830079F06D /* Sources */ = {
			isa = PBXSourcesBuildPhase;
			buildActionMask = 2147483647;
			files = (
				88F9160E1CE5E89200B050B1 /* AdultTestController.swift in Sources */,
				88A3761C1CC79EA70079F06D /* EditController.swift in Sources */,
				88A376051CC6CB830079F06D /* StartController.swift in Sources */,
				88A3762A1CCC25630079F06D /* LabelTableViewCell.swift in Sources */,
				88A376241CCA42790079F06D /* SlideShowSegue.swift in Sources */,
				88A3763D1CE263CF0079F06D /* StartTableViewCell.swift in Sources */,
				88A376221CCA3BB30079F06D /* SlideShowController.swift in Sources */,
				88A3762E1CCC26620079F06D /* ButtonTableViewCell.swift in Sources */,
				88A376201CC82A6F0079F06D /* SlideShowModel.swift in Sources */,
				88A3761E1CC826A10079F06D /* EditTableViewCell.swift in Sources */,
				88A3762C1CCC26090079F06D /* SlideShowImageCell.swift in Sources */,
				88A376261CCC0D100079F06D /* SlideShowsModel.swift in Sources */,
				88A376301CD8C34E0079F06D /* NewSlideShowImageController.swift in Sources */,
				88A376031CC6CB830079F06D /* AppDelegate.swift in Sources */,
				88A3760B1CC6CB830079F06D /* ToddlerPicViewer.xcdatamodeld in Sources */,
				88A376281CCC16780079F06D /* EditSlideShowController.swift in Sources */,
				88A3761A1CC79CDA0079F06D /* CardModel.swift in Sources */,
				88F9160C1CE5E2C900B050B1 /* StartLabelTableViewCell.swift in Sources */,
			);
			runOnlyForDeploymentPostprocessing = 0;
		};
/* End PBXSourcesBuildPhase section */

/* Begin PBXVariantGroup section */
		88A376061CC6CB830079F06D /* Main.storyboard */ = {
			isa = PBXVariantGroup;
			children = (
				88A376071CC6CB830079F06D /* Base */,
				88E6CCF31CF3A3860075A717 /* en */,
				88E6CCF41CF3A52E0075A717 /* sv */,
			);
			name = Main.storyboard;
			sourceTree = "<group>";
		};
		88A3760E1CC6CB830079F06D /* LaunchScreen.storyboard */ = {
			isa = PBXVariantGroup;
			children = (
				88A3760F1CC6CB830079F06D /* Base */,
			);
			name = LaunchScreen.storyboard;
			sourceTree = "<group>";
		};
		88E6CCF91CF3AB9D0075A717 /* Localizable.strings */ = {
			isa = PBXVariantGroup;
			children = (
				88E6CCF81CF3AB9D0075A717 /* Base */,
				88E6CCFA1CF3ABA00075A717 /* en */,
				88E6CCFB1CF3ABAA0075A717 /* sv */,
			);
			name = Localizable.strings;
			sourceTree = "<group>";
		};
/* End PBXVariantGroup section */

/* Begin XCBuildConfiguration section */
		88A376121CC6CB830079F06D /* Debug */ = {
			isa = XCBuildConfiguration;
			buildSettings = {
				ALWAYS_SEARCH_USER_PATHS = NO;
				CLANG_CXX_LANGUAGE_STANDARD = "gnu++0x";
				CLANG_CXX_LIBRARY = "libc++";
				CLANG_ENABLE_MODULES = YES;
				CLANG_ENABLE_OBJC_ARC = YES;
				CLANG_WARN_BOOL_CONVERSION = YES;
				CLANG_WARN_CONSTANT_CONVERSION = YES;
				CLANG_WARN_DIRECT_OBJC_ISA_USAGE = YES_ERROR;
				CLANG_WARN_EMPTY_BODY = YES;
				CLANG_WARN_ENUM_CONVERSION = YES;
				CLANG_WARN_INT_CONVERSION = YES;
				CLANG_WARN_OBJC_ROOT_CLASS = YES_ERROR;
				CLANG_WARN_UNREACHABLE_CODE = YES;
				CLANG_WARN__DUPLICATE_METHOD_MATCH = YES;
				"CODE_SIGN_IDENTITY[sdk=iphoneos*]" = "iPhone Developer";
				COPY_PHASE_STRIP = NO;
				DEBUG_INFORMATION_FORMAT = dwarf;
				ENABLE_STRICT_OBJC_MSGSEND = YES;
				ENABLE_TESTABILITY = YES;
				GCC_C_LANGUAGE_STANDARD = gnu99;
				GCC_DYNAMIC_NO_PIC = NO;
				GCC_NO_COMMON_BLOCKS = YES;
				GCC_OPTIMIZATION_LEVEL = 0;
				GCC_PREPROCESSOR_DEFINITIONS = (
					"DEBUG=1",
					"$(inherited)",
				);
				GCC_WARN_64_TO_32_BIT_CONVERSION = YES;
				GCC_WARN_ABOUT_RETURN_TYPE = YES_ERROR;
				GCC_WARN_UNDECLARED_SELECTOR = YES;
				GCC_WARN_UNINITIALIZED_AUTOS = YES_AGGRESSIVE;
				GCC_WARN_UNUSED_FUNCTION = YES;
				GCC_WARN_UNUSED_VARIABLE = YES;
				IPHONEOS_DEPLOYMENT_TARGET = 9.2;
				MTL_ENABLE_DEBUG_INFO = YES;
				ONLY_ACTIVE_ARCH = YES;
				SDKROOT = iphoneos;
				SWIFT_OPTIMIZATION_LEVEL = "-Onone";
				TARGETED_DEVICE_FAMILY = "1,2";
			};
			name = Debug;
		};
		88A376131CC6CB830079F06D /* Release */ = {
			isa = XCBuildConfiguration;
			buildSettings = {
				ALWAYS_SEARCH_USER_PATHS = NO;
				CLANG_CXX_LANGUAGE_STANDARD = "gnu++0x";
				CLANG_CXX_LIBRARY = "libc++";
				CLANG_ENABLE_MODULES = YES;
				CLANG_ENABLE_OBJC_ARC = YES;
				CLANG_WARN_BOOL_CONVERSION = YES;
				CLANG_WARN_CONSTANT_CONVERSION = YES;
				CLANG_WARN_DIRECT_OBJC_ISA_USAGE = YES_ERROR;
				CLANG_WARN_EMPTY_BODY = YES;
				CLANG_WARN_ENUM_CONVERSION = YES;
				CLANG_WARN_INT_CONVERSION = YES;
				CLANG_WARN_OBJC_ROOT_CLASS = YES_ERROR;
				CLANG_WARN_UNREACHABLE_CODE = YES;
				CLANG_WARN__DUPLICATE_METHOD_MATCH = YES;
				"CODE_SIGN_IDENTITY[sdk=iphoneos*]" = "iPhone Developer";
				COPY_PHASE_STRIP = NO;
				DEBUG_INFORMATION_FORMAT = "dwarf-with-dsym";
				ENABLE_NS_ASSERTIONS = NO;
				ENABLE_STRICT_OBJC_MSGSEND = YES;
				GCC_C_LANGUAGE_STANDARD = gnu99;
				GCC_NO_COMMON_BLOCKS = YES;
				GCC_WARN_64_TO_32_BIT_CONVERSION = YES;
				GCC_WARN_ABOUT_RETURN_TYPE = YES_ERROR;
				GCC_WARN_UNDECLARED_SELECTOR = YES;
				GCC_WARN_UNINITIALIZED_AUTOS = YES_AGGRESSIVE;
				GCC_WARN_UNUSED_FUNCTION = YES;
				GCC_WARN_UNUSED_VARIABLE = YES;
				IPHONEOS_DEPLOYMENT_TARGET = 9.2;
				MTL_ENABLE_DEBUG_INFO = NO;
				SDKROOT = iphoneos;
				TARGETED_DEVICE_FAMILY = "1,2";
				VALIDATE_PRODUCT = YES;
			};
			name = Release;
		};
		88A376151CC6CB830079F06D /* Debug */ = {
			isa = XCBuildConfiguration;
			buildSettings = {
				ASSETCATALOG_COMPILER_APPICON_NAME = AppIcon;
				INFOPLIST_FILE = ToddlerPicViewer/Info.plist;
				LD_RUNPATH_SEARCH_PATHS = "$(inherited) @executable_path/Frameworks";
				PRODUCT_BUNDLE_IDENTIFIER = com.robert.ToddlerPicViewer;
				PRODUCT_NAME = "$(TARGET_NAME)";
			};
			name = Debug;
		};
		88A376161CC6CB830079F06D /* Release */ = {
			isa = XCBuildConfiguration;
			buildSettings = {
				ASSETCATALOG_COMPILER_APPICON_NAME = AppIcon;
				INFOPLIST_FILE = ToddlerPicViewer/Info.plist;
				LD_RUNPATH_SEARCH_PATHS = "$(inherited) @executable_path/Frameworks";
				PRODUCT_BUNDLE_IDENTIFIER = com.robert.ToddlerPicViewer;
				PRODUCT_NAME = "$(TARGET_NAME)";
			};
			name = Release;
		};
/* End XCBuildConfiguration section */

/* Begin XCConfigurationList section */
		88A375FA1CC6CB830079F06D /* Build configuration list for PBXProject "ToddlerPicViewer" */ = {
			isa = XCConfigurationList;
			buildConfigurations = (
				88A376121CC6CB830079F06D /* Debug */,
				88A376131CC6CB830079F06D /* Release */,
			);
			defaultConfigurationIsVisible = 0;
			defaultConfigurationName = Release;
		};
		88A376141CC6CB830079F06D /* Build configuration list for PBXNativeTarget "ToddlerPicViewer" */ = {
			isa = XCConfigurationList;
			buildConfigurations = (
				88A376151CC6CB830079F06D /* Debug */,
				88A376161CC6CB830079F06D /* Release */,
			);
			defaultConfigurationIsVisible = 0;
			defaultConfigurationName = Release;
		};
/* End XCConfigurationList section */

/* Begin XCVersionGroup section */
		88A376091CC6CB830079F06D /* ToddlerPicViewer.xcdatamodeld */ = {
			isa = XCVersionGroup;
			children = (
				88A3760A1CC6CB830079F06D /* ToddlerPicViewer.xcdatamodel */,
			);
			currentVersion = 88A3760A1CC6CB830079F06D /* ToddlerPicViewer.xcdatamodel */;
			path = ToddlerPicViewer.xcdatamodeld;
			sourceTree = "<group>";
			versionGroupType = wrapper.xcdatamodel;
		};
/* End XCVersionGroup section */
	};
	rootObject = 88A375F71CC6CB830079F06D /* Project object */;
}
